
Microsoft Visual Studio Solution File, Format Version 12.00
# Visual Studio Version 17
VisualStudioVersion = 17.0.31903.59
MinimumVisualStudioVersion = 10.0.40219.1
Project("{2150E333-8FDC-42A3-9474-1A3956D46DE8}") = "src", "src", "{827E0CD3-B72D-47B6-A68D-7590B98EB39B}"
EndProject
Project("{FAE04EC0-301F-11D3-BF4B-00C04F79EFBC}") = "EvidenceCrafter.Core", "src\EvidenceCrafter.Core\EvidenceCrafter.Core.csproj", "{FCDF883C-364D-4B8F-87AE-07EAA716570D}"
EndProject
Project("{FAE04EC0-301F-11D3-BF4B-00C04F79EFBC}") = "EvidenceCrafter.Excel", "src\EvidenceCrafter.Excel\EvidenceCrafter.Excel.csproj", "{DE8FB9FC-B0AC-4477-80FC-0D7D2E702530}"
EndProject
Project("{FAE04EC0-301F-11D3-BF4B-00C04F79EFBC}") = "EvidenceCrafter.App", "src\EvidenceCrafter.App\EvidenceCrafter.App.csproj", "{CE08057B-DC61-41D7-8610-A120CF5F0D43}"
EndProject
Project("{2150E333-8FDC-42A3-9474-1A3956D46DE8}") = "tests", "tests", "{0AB3BF05-4346-4AA6-1389-037BE0695223}"
EndProject
Project("{FAE04EC0-301F-11D3-BF4B-00C04F79EFBC}") = "EvidenceCrafter.Tests", "tests\EvidenceCrafter.Tests\EvidenceCrafter.Tests.csproj", "{FF419E97-29F3-491A-893A-E06034BAFDF1}"
EndProject
Global
	GlobalSection(SolutionConfigurationPlatforms) = preSolution
		Debug|Any CPU = Debug|Any CPU
		Debug|x64 = Debug|x64
		Debug|x86 = Debug|x86
		Release|Any CPU = Release|Any CPU
		Release|x64 = Release|x64
		Release|x86 = Release|x86
	EndGlobalSection
	GlobalSection(ProjectConfigurationPlatforms) = postSolution
		{FCDF883C-364D-4B8F-87AE-07EAA716570D}.Debug|Any CPU.ActiveCfg = Debug|Any CPU
		{FCDF883C-364D-4B8F-87AE-07EAA716570D}.Debug|Any CPU.Build.0 = Debug|Any CPU
		{FCDF883C-364D-4B8F-87AE-07EAA716570D}.Debug|x64.ActiveCfg = Debug|Any CPU
		{FCDF883C-364D-4B8F-87AE-07EAA716570D}.Debug|x64.Build.0 = Debug|Any CPU
		{FCDF883C-364D-4B8F-87AE-07EAA716570D}.Debug|x86.ActiveCfg = Debug|Any CPU
		{FCDF883C-364D-4B8F-87AE-07EAA716570D}.Debug|x86.Build.0 = Debug|Any CPU
		{FCDF883C-364D-4B8F-87AE-07EAA716570D}.Release|Any CPU.ActiveCfg = Release|Any CPU
		{FCDF883C-364D-4B8F-87AE-07EAA716570D}.Release|Any CPU.Build.0 = Release|Any CPU
		{FCDF883C-364D-4B8F-87AE-07EAA716570D}.Release|x64.ActiveCfg = Release|Any CPU
		{FCDF883C-364D-4B8F-87AE-07EAA716570D}.Release|x64.Build.0 = Release|Any CPU
		{FCDF883C-364D-4B8F-87AE-07EAA716570D}.Release|x86.ActiveCfg = Release|Any CPU
		{FCDF883C-364D-4B8F-87AE-07EAA716570D}.Release|x86.Build.0 = Release|Any CPU
		{DE8FB9FC-B0AC-4477-80FC-0D7D2E702530}.Debug|Any CPU.ActiveCfg = Debug|Any CPU
		{DE8FB9FC-B0AC-4477-80FC-0D7D2E702530}.Debug|Any CPU.Build.0 = Debug|Any CPU
		{DE8FB9FC-B0AC-4477-80FC-0D7D2E702530}.Debug|x64.ActiveCfg = Debug|Any CPU
		{DE8FB9FC-B0AC-4477-80FC-0D7D2E702530}.Debug|x64.Build.0 = Debug|Any CPU
		{DE8FB9FC-B0AC-4477-80FC-0D7D2E702530}.Debug|x86.ActiveCfg = Debug|Any CPU
		{DE8FB9FC-B0AC-4477-80FC-0D7D2E702530}.Debug|x86.Build.0 = Debug|Any CPU
		{DE8FB9FC-B0AC-4477-80FC-0D7D2E702530}.Release|Any CPU.ActiveCfg = Release|Any CPU
		{DE8FB9FC-B0AC-4477-80FC-0D7D2E702530}.Release|Any CPU.Build.0 = Release|Any CPU
		{DE8FB9FC-B0AC-4477-80FC-0D7D2E702530}.Release|x64.ActiveCfg = Release|Any CPU
		{DE8FB9FC-B0AC-4477-80FC-0D7D2E702530}.Release|x64.Build.0 = Release|Any CPU
		{DE8FB9FC-B0AC-4477-80FC-0D7D2E702530}.Release|x86.ActiveCfg = Release|Any CPU
		{DE8FB9FC-B0AC-4477-80FC-0D7D2E702530}.Release|x86.Build.0 = Release|Any CPU
		{CE08057B-DC61-41D7-8610-A120CF5F0D43}.Debug|Any CPU.ActiveCfg = Debug|Any CPU
		{CE08057B-DC61-41D7-8610-A120CF5F0D43}.Debug|Any CPU.Build.0 = Debug|Any CPU
		{CE08057B-DC61-41D7-8610-A120CF5F0D43}.Debug|x64.ActiveCfg = Debug|Any CPU
		{CE08057B-DC61-41D7-8610-A120CF5F0D43}.Debug|x64.Build.0 = Debug|Any CPU
		{CE08057B-DC61-41D7-8610-A120CF5F0D43}.Debug|x86.ActiveCfg = Debug|Any CPU
		{CE08057B-DC61-41D7-8610-A120CF5F0D43}.Debug|x86.Build.0 = Debug|Any CPU
		{CE08057B-DC61-41D7-8610-A120CF5F0D43}.Release|Any CPU.ActiveCfg = Release|Any CPU
		{CE08057B-DC61-41D7-8610-A120CF5F0D43}.Release|Any CPU.Build.0 = Release|Any CPU
		{CE08057B-DC61-41D7-8610-A120CF5F0D43}.Release|x64.ActiveCfg = Release|Any CPU
		{CE08057B-DC61-41D7-8610-A120CF5F0D43}.Release|x64.Build.0 = Release|Any CPU
		{CE08057B-DC61-41D7-8610-A120CF5F0D43}.Release|x86.ActiveCfg = Release|Any CPU
		{CE08057B-DC61-41D7-8610-A120CF5F0D43}.Release|x86.Build.0 = Release|Any CPU
		{FF419E97-29F3-491A-893A-E06034BAFDF1}.Debug|Any CPU.ActiveCfg = Debug|Any CPU
		{FF419E97-29F3-491A-893A-E06034BAFDF1}.Debug|Any CPU.Build.0 = Debug|Any CPU
		{FF419E97-29F3-491A-893A-E06034BAFDF1}.Debug|x64.ActiveCfg = Debug|Any CPU
		{FF419E97-29F3-491A-893A-E06034BAFDF1}.Debug|x64.Build.0 = Debug|Any CPU
		{FF419E97-29F3-491A-893A-E06034BAFDF1}.Debug|x86.ActiveCfg = Debug|Any CPU
		{FF419E97-29F3-491A-893A-E06034BAFDF1}.Debug|x86.Build.0 = Debug|Any CPU
		{FF419E97-29F3-491A-893A-E06034BAFDF1}.Release|Any CPU.ActiveCfg = Release|Any CPU
		{FF419E97-29F3-491A-893A-E06034BAFDF1}.Release|Any CPU.Build.0 = Release|Any CPU
		{FF419E97-29F3-491A-893A-E06034BAFDF1}.Release|x64.ActiveCfg = Release|Any CPU
		{FF419E97-29F3-491A-893A-E06034BAFDF1}.Release|x64.Build.0 = Release|Any CPU
		{FF419E97-29F3-491A-893A-E06034BAFDF1}.Release|x86.ActiveCfg = Release|Any CPU
		{FF419E97-29F3-491A-893A-E06034BAFDF1}.Release|x86.Build.0 = Release|Any CPU
	EndGlobalSection
	GlobalSection(SolutionProperties) = preSolution
		HideSolutionNode = FALSE
	EndGlobalSection
	GlobalSection(NestedProjects) = preSolution
		{FCDF883C-364D-4B8F-87AE-07EAA716570D} = {827E0CD3-B72D-47B6-A68D-7590B98EB39B}
		{DE8FB9FC-B0AC-4477-80FC-0D7D2E702530} = {827E0CD3-B72D-47B6-A68D-7590B98EB39B}
		{CE08057B-DC61-41D7-8610-A120CF5F0D43} = {827E0CD3-B72D-47B6-A68D-7590B98EB39B}
		{FF419E97-29F3-491A-893A-E06034BAFDF1} = {0AB3BF05-4346-4AA6-1389-037BE0695223}
	EndGlobalSection
EndGlobal
